
Microsoft Visual Studio Solution File, Format Version 12.00
# Visual Studio 14
VisualStudioVersion = 14.0.25420.1
MinimumVisualStudioVersion = 10.0.40219.1
Project("{FAE04EC0-301F-11D3-BF4B-00C04F79EFBC}") = "TUCHX1621UNLOADUI", "TUCHX1621UNLOADUI\TUCHX1621UNLOADUI.csproj", "{0A653220-8C68-41DF-BE30-F5B9FB78CEBB}"
EndProject
Project("{FAE04EC0-301F-11D3-BF4B-00C04F79EFBC}") = "TUCHX1621UNLOADUI.Model", "TUCHX1621UNLOADUI.Model\TUCHX1621UNLOADUI.Model.csproj", "{9C6BA351-762D-4B28-A331-179CBF0EA269}"
EndProject
Global
	GlobalSection(SolutionConfigurationPlatforms) = preSolution
		Debug|Any CPU = Debug|Any CPU
		Release|Any CPU = Release|Any CPU
	EndGlobalSection
	GlobalSection(ProjectConfigurationPlatforms) = postSolution
		{0A653220-8C68-41DF-BE30-F5B9FB78CEBB}.Debug|Any CPU.ActiveCfg = Debug|Any CPU
		{0A653220-8C68-41DF-BE30-F5B9FB78CEBB}.Debug|Any CPU.Build.0 = Debug|Any CPU
		{0A653220-8C68-41DF-BE30-F5B9FB78CEBB}.Release|Any CPU.ActiveCfg = Release|Any CPU
		{0A653220-8C68-41DF-BE30-F5B9FB78CEBB}.Release|Any CPU.Build.0 = Release|Any CPU
		{9C6BA351-762D-4B28-A331-179CBF0EA269}.Debug|Any CPU.ActiveCfg = Debug|Any CPU
		{9C6BA351-762D-4B28-A331-179CBF0EA269}.Debug|Any CPU.Build.0 = Debug|Any CPU
		{9C6BA351-762D-4B28-A331-179CBF0EA269}.Release|Any CPU.ActiveCfg = Release|Any CPU
		{9C6BA351-762D-4B28-A331-179CBF0EA269}.Release|Any CPU.Build.0 = Release|Any CPU
	EndGlobalSection
	GlobalSection(SolutionProperties) = preSolution
		HideSolutionNode = FALSE
	EndGlobalSection
EndGlobal
